
Microsoft Visual Studio Solution File, Format Version 12.00
# Visual Studio Version 17
VisualStudioVersion = 17.14.36212.18 d17.14
MinimumVisualStudioVersion = 10.0.40219.1
Project("{FAE04EC0-301F-11D3-BF4B-00C04F79EFBC}") = "ProtonDB.Shell", "ProtonDB.Shell.csproj", "{BA4A25E9-7616-4043-B589-6403DB8D773D}"
EndProject
Global
	GlobalSection(SolutionConfigurationPlatforms) = preSolution
		Debug|Any CPU = Debug|Any CPU
		Release|Any CPU = Release|Any CPU
	EndGlobalSection
	GlobalSection(ProjectConfigurationPlatforms) = postSolution
		{BA4A25E9-7616-4043-B589-6403DB8D773D}.Debug|Any CPU.ActiveCfg = Debug|Any CPU
		{BA4A25E9-7616-4043-B589-6403DB8D773D}.Debug|Any CPU.Build.0 = Debug|Any CPU
		{BA4A25E9-7616-4043-B589-6403DB8D773D}.Release|Any CPU.ActiveCfg = Release|Any CPU
		{BA4A25E9-7616-4043-B589-6403DB8D773D}.Release|Any CPU.Build.0 = Release|Any CPU
	EndGlobalSection
	GlobalSection(SolutionProperties) = preSolution
		HideSolutionNode = FALSE
	EndGlobalSection
	GlobalSection(ExtensibilityGlobals) = postSolution
		SolutionGuid = {5F12B698-11A8-49D5-BFE9-5C378EB006E0}
	EndGlobalSection
EndGlobal
