
Microsoft Visual Studio Solution File, Format Version 12.00
# Visual Studio Version 17
VisualStudioVersion = 17.14.36221.1 d17.14
MinimumVisualStudioVersion = 10.0.40219.1
Project("{FAE04EC0-301F-11D3-BF4B-00C04F79EFBC}") = "ProtonDB.Client", "ProtonDB.Client.csproj", "{A40DAF8E-3D19-4861-82E6-2AD87696BA18}"
EndProject
Global
	GlobalSection(SolutionConfigurationPlatforms) = preSolution
		Debug|Any CPU = Debug|Any CPU
		Release|Any CPU = Release|Any CPU
	EndGlobalSection
	GlobalSection(ProjectConfigurationPlatforms) = postSolution
		{A40DAF8E-3D19-4861-82E6-2AD87696BA18}.Debug|Any CPU.ActiveCfg = Debug|Any CPU
		{A40DAF8E-3D19-4861-82E6-2AD87696BA18}.Debug|Any CPU.Build.0 = Debug|Any CPU
		{A40DAF8E-3D19-4861-82E6-2AD87696BA18}.Release|Any CPU.ActiveCfg = Release|Any CPU
		{A40DAF8E-3D19-4861-82E6-2AD87696BA18}.Release|Any CPU.Build.0 = Release|Any CPU
	EndGlobalSection
	GlobalSection(SolutionProperties) = preSolution
		HideSolutionNode = FALSE
	EndGlobalSection
	GlobalSection(ExtensibilityGlobals) = postSolution
		SolutionGuid = {BB72BD55-70E6-4810-96A7-28F30C597308}
	EndGlobalSection
EndGlobal
